
Microsoft Visual Studio Solution File, Format Version 12.00
# Visual Studio Version 17
VisualStudioVersion = 17.1.32328.378
MinimumVisualStudioVersion = 10.0.40219.1
Project("{FAE04EC0-301F-11D3-BF4B-00C04F79EFBC}") = "App1.Android", "App1\App1.Android\App1.Android.csproj", "{0EDF8A17-59EF-414A-BEB8-0C742453A5D9}"
EndProject
Project("{FAE04EC0-301F-11D3-BF4B-00C04F79EFBC}") = "App1.iOS", "App1\App1.iOS\App1.iOS.csproj", "{7D814433-12E9-4577-802D-F7A5AFEEA3C8}"
EndProject
Project("{9A19103F-16F7-4668-BE54-9A1E7A4F7556}") = "App1", "App1\App1\App1.csproj", "{5362DC25-2FD7-488A-9CE9-841CD255C99F}"
EndProject
Project("{2150E333-8FDC-42A3-9474-1A3956D46DE8}") = "Solution Items", "Solution Items", "{2F137E3F-AB19-4BAF-89CE-080EADD7F521}"
	ProjectSection(SolutionItems) = preProject
		global.json = global.json
	EndProjectSection
EndProject
Global
	GlobalSection(SolutionConfigurationPlatforms) = preSolution
		Debug|Any CPU = Debug|Any CPU
		Debug|iPhone = Debug|iPhone
		Debug|iPhoneSimulator = Debug|iPhoneSimulator
		Release|Any CPU = Release|Any CPU
		Release|iPhone = Release|iPhone
		Release|iPhoneSimulator = Release|iPhoneSimulator
	EndGlobalSection
	GlobalSection(ProjectConfigurationPlatforms) = postSolution
		{0EDF8A17-59EF-414A-BEB8-0C742453A5D9}.Debug|Any CPU.ActiveCfg = Debug|Any CPU
		{0EDF8A17-59EF-414A-BEB8-0C742453A5D9}.Debug|Any CPU.Build.0 = Debug|Any CPU
		{0EDF8A17-59EF-414A-BEB8-0C742453A5D9}.Debug|Any CPU.Deploy.0 = Debug|Any CPU
		{0EDF8A17-59EF-414A-BEB8-0C742453A5D9}.Debug|iPhone.ActiveCfg = Debug|Any CPU
		{0EDF8A17-59EF-414A-BEB8-0C742453A5D9}.Debug|iPhone.Build.0 = Debug|Any CPU
		{0EDF8A17-59EF-414A-BEB8-0C742453A5D9}.Debug|iPhone.Deploy.0 = Debug|Any CPU
		{0EDF8A17-59EF-414A-BEB8-0C742453A5D9}.Debug|iPhoneSimulator.ActiveCfg = Debug|Any CPU
		{0EDF8A17-59EF-414A-BEB8-0C742453A5D9}.Debug|iPhoneSimulator.Build.0 = Debug|Any CPU
		{0EDF8A17-59EF-414A-BEB8-0C742453A5D9}.Debug|iPhoneSimulator.Deploy.0 = Debug|Any CPU
		{0EDF8A17-59EF-414A-BEB8-0C742453A5D9}.Release|Any CPU.ActiveCfg = Release|Any CPU
		{0EDF8A17-59EF-414A-BEB8-0C742453A5D9}.Release|Any CPU.Build.0 = Release|Any CPU
		{0EDF8A17-59EF-414A-BEB8-0C742453A5D9}.Release|Any CPU.Deploy.0 = Release|Any CPU
		{0EDF8A17-59EF-414A-BEB8-0C742453A5D9}.Release|iPhone.ActiveCfg = Release|Any CPU
		{0EDF8A17-59EF-414A-BEB8-0C742453A5D9}.Release|iPhone.Build.0 = Release|Any CPU
		{0EDF8A17-59EF-414A-BEB8-0C742453A5D9}.Release|iPhone.Deploy.0 = Release|Any CPU
		{0EDF8A17-59EF-414A-BEB8-0C742453A5D9}.Release|iPhoneSimulator.ActiveCfg = Release|Any CPU
		{0EDF8A17-59EF-414A-BEB8-0C742453A5D9}.Release|iPhoneSimulator.Build.0 = Release|Any CPU
		{0EDF8A17-59EF-414A-BEB8-0C742453A5D9}.Release|iPhoneSimulator.Deploy.0 = Release|Any CPU
		{7D814433-12E9-4577-802D-F7A5AFEEA3C8}.Debug|Any CPU.ActiveCfg = Debug|iPhone
		{7D814433-12E9-4577-802D-F7A5AFEEA3C8}.Debug|Any CPU.Build.0 = Debug|iPhone
		{7D814433-12E9-4577-802D-F7A5AFEEA3C8}.Debug|Any CPU.Deploy.0 = Debug|iPhone
		{7D814433-12E9-4577-802D-F7A5AFEEA3C8}.Debug|iPhone.ActiveCfg = Debug|iPhone
		{7D814433-12E9-4577-802D-F7A5AFEEA3C8}.Debug|iPhone.Build.0 = Debug|iPhone
		{7D814433-12E9-4577-802D-F7A5AFEEA3C8}.Debug|iPhone.Deploy.0 = Debug|iPhone
		{7D814433-12E9-4577-802D-F7A5AFEEA3C8}.Debug|iPhoneSimulator.ActiveCfg = Debug|iPhoneSimulator
		{7D814433-12E9-4577-802D-F7A5AFEEA3C8}.Debug|iPhoneSimulator.Build.0 = Debug|iPhoneSimulator
		{7D814433-12E9-4577-802D-F7A5AFEEA3C8}.Debug|iPhoneSimulator.Deploy.0 = Debug|iPhoneSimulator
		{7D814433-12E9-4577-802D-F7A5AFEEA3C8}.Release|Any CPU.ActiveCfg = Release|iPhoneSimulator
		{7D814433-12E9-4577-802D-F7A5AFEEA3C8}.Release|Any CPU.Build.0 = Release|iPhoneSimulator
		{7D814433-12E9-4577-802D-F7A5AFEEA3C8}.Release|Any CPU.Deploy.0 = Release|iPhoneSimulator
		{7D814433-12E9-4577-802D-F7A5AFEEA3C8}.Release|iPhone.ActiveCfg = Release|iPhone
		{7D814433-12E9-4577-802D-F7A5AFEEA3C8}.Release|iPhone.Build.0 = Release|iPhone
		{7D814433-12E9-4577-802D-F7A5AFEEA3C8}.Release|iPhone.Deploy.0 = Release|iPhone
		{7D814433-12E9-4577-802D-F7A5AFEEA3C8}.Release|iPhoneSimulator.ActiveCfg = Release|iPhoneSimulator
		{7D814433-12E9-4577-802D-F7A5AFEEA3C8}.Release|iPhoneSimulator.Build.0 = Release|iPhoneSimulator
		{7D814433-12E9-4577-802D-F7A5AFEEA3C8}.Release|iPhoneSimulator.Deploy.0 = Release|iPhoneSimulator
		{5362DC25-2FD7-488A-9CE9-841CD255C99F}.Debug|Any CPU.ActiveCfg = Debug|Any CPU
		{5362DC25-2FD7-488A-9CE9-841CD255C99F}.Debug|Any CPU.Build.0 = Debug|Any CPU
		{5362DC25-2FD7-488A-9CE9-841CD255C99F}.Debug|Any CPU.Deploy.0 = Debug|Any CPU
		{5362DC25-2FD7-488A-9CE9-841CD255C99F}.Debug|iPhone.ActiveCfg = Debug|Any CPU
		{5362DC25-2FD7-488A-9CE9-841CD255C99F}.Debug|iPhone.Build.0 = Debug|Any CPU
		{5362DC25-2FD7-488A-9CE9-841CD255C99F}.Debug|iPhone.Deploy.0 = Debug|Any CPU
		{5362DC25-2FD7-488A-9CE9-841CD255C99F}.Debug|iPhoneSimulator.ActiveCfg = Debug|Any CPU
		{5362DC25-2FD7-488A-9CE9-841CD255C99F}.Debug|iPhoneSimulator.Build.0 = Debug|Any CPU
		{5362DC25-2FD7-488A-9CE9-841CD255C99F}.Debug|iPhoneSimulator.Deploy.0 = Debug|Any CPU
		{5362DC25-2FD7-488A-9CE9-841CD255C99F}.Release|Any CPU.ActiveCfg = Release|Any CPU
		{5362DC25-2FD7-488A-9CE9-841CD255C99F}.Release|Any CPU.Build.0 = Release|Any CPU
		{5362DC25-2FD7-488A-9CE9-841CD255C99F}.Release|Any CPU.Deploy.0 = Release|Any CPU
		{5362DC25-2FD7-488A-9CE9-841CD255C99F}.Release|iPhone.ActiveCfg = Release|Any CPU
		{5362DC25-2FD7-488A-9CE9-841CD255C99F}.Release|iPhone.Build.0 = Release|Any CPU
		{5362DC25-2FD7-488A-9CE9-841CD255C99F}.Release|iPhone.Deploy.0 = Release|Any CPU
		{5362DC25-2FD7-488A-9CE9-841CD255C99F}.Release|iPhoneSimulator.ActiveCfg = Release|Any CPU
		{5362DC25-2FD7-488A-9CE9-841CD255C99F}.Release|iPhoneSimulator.Build.0 = Release|Any CPU
		{5362DC25-2FD7-488A-9CE9-841CD255C99F}.Release|iPhoneSimulator.Deploy.0 = Release|Any CPU
	EndGlobalSection
	GlobalSection(SolutionProperties) = preSolution
		HideSolutionNode = FALSE
	EndGlobalSection
	GlobalSection(ExtensibilityGlobals) = postSolution
		SolutionGuid = {2D165EDE-7B19-425C-9EE1-7D1DBB2D6B35}
	EndGlobalSection
EndGlobal
