
Microsoft Visual Studio Solution File, Format Version 12.00
# Visual Studio Version 17
VisualStudioVersion = 17.0.31611.283
MinimumVisualStudioVersion = 10.0.40219.1
Project("{9A19103F-16F7-4668-BE54-9A1E7A4F7556}") = "NetConfMaui", "NetConfMaui\NetConfMaui.csproj", "{CEE06109-4706-4955-ADD4-69C78AEFA020}"
EndProject
Project("{9A19103F-16F7-4668-BE54-9A1E7A4F7556}") = "NetConfMaui.Tests", "NetConfMaui.Tests\NetConfMaui.Tests.csproj", "{A1CF6C87-78B3-41DA-BEC1-AFCF4C8A6E77}"
EndProject
Project("{9A19103F-16F7-4668-BE54-9A1E7A4F7556}") = "NetConfMaui.Core", "NetConfMaui.Core\NetConfMaui.Core.csproj", "{E5662E1D-67C4-405B-95BF-EDC968CBE893}"
EndProject
Project("{2150E333-8FDC-42A3-9474-1A3956D46DE8}") = "Solution Items", "Solution Items", "{EF459C58-571A-460E-B2C1-35EA4A2A66C1}"
	ProjectSection(SolutionItems) = preProject
		presentation.pptx = presentation.pptx
		README.md = README.md
	EndProjectSection
EndProject
Global
	GlobalSection(SolutionConfigurationPlatforms) = preSolution
		Debug|Any CPU = Debug|Any CPU
		Release|Any CPU = Release|Any CPU
	EndGlobalSection
	GlobalSection(ProjectConfigurationPlatforms) = postSolution
		{CEE06109-4706-4955-ADD4-69C78AEFA020}.Debug|Any CPU.ActiveCfg = Debug|Any CPU
		{CEE06109-4706-4955-ADD4-69C78AEFA020}.Debug|Any CPU.Build.0 = Debug|Any CPU
		{CEE06109-4706-4955-ADD4-69C78AEFA020}.Debug|Any CPU.Deploy.0 = Debug|Any CPU
		{CEE06109-4706-4955-ADD4-69C78AEFA020}.Release|Any CPU.ActiveCfg = Release|Any CPU
		{CEE06109-4706-4955-ADD4-69C78AEFA020}.Release|Any CPU.Build.0 = Release|Any CPU
		{CEE06109-4706-4955-ADD4-69C78AEFA020}.Release|Any CPU.Deploy.0 = Release|Any CPU
		{A1CF6C87-78B3-41DA-BEC1-AFCF4C8A6E77}.Debug|Any CPU.ActiveCfg = Debug|Any CPU
		{A1CF6C87-78B3-41DA-BEC1-AFCF4C8A6E77}.Debug|Any CPU.Build.0 = Debug|Any CPU
		{A1CF6C87-78B3-41DA-BEC1-AFCF4C8A6E77}.Release|Any CPU.ActiveCfg = Release|Any CPU
		{A1CF6C87-78B3-41DA-BEC1-AFCF4C8A6E77}.Release|Any CPU.Build.0 = Release|Any CPU
		{E5662E1D-67C4-405B-95BF-EDC968CBE893}.Debug|Any CPU.ActiveCfg = Debug|Any CPU
		{E5662E1D-67C4-405B-95BF-EDC968CBE893}.Debug|Any CPU.Build.0 = Debug|Any CPU
		{E5662E1D-67C4-405B-95BF-EDC968CBE893}.Release|Any CPU.ActiveCfg = Release|Any CPU
		{E5662E1D-67C4-405B-95BF-EDC968CBE893}.Release|Any CPU.Build.0 = Release|Any CPU
	EndGlobalSection
	GlobalSection(SolutionProperties) = preSolution
		HideSolutionNode = FALSE
	EndGlobalSection
	GlobalSection(ExtensibilityGlobals) = postSolution
		SolutionGuid = {61F7FB11-1E47-470C-91E2-47F8143E1572}
	EndGlobalSection
EndGlobal
